// !$*UTF8*$!
{
	archiveVersion = 1;
	classes = {
	};
	objectVersion = 56;
	objects = {

/* Begin PBXBuildFile section */
		EB2F44C12AC55B550028A5E2 /* SwiftUIComponentsApp.swift in Sources */ = {isa = PBXBuildFile; fileRef = EB2F44C02AC55B550028A5E2 /* SwiftUIComponentsApp.swift */; };
		EB2F44C32AC55B550028A5E2 /* ContentView.swift in Sources */ = {isa = PBXBuildFile; fileRef = EB2F44C22AC55B550028A5E2 /* ContentView.swift */; };
		EB2F44C52AC55B580028A5E2 /* Assets.xcassets in Resources */ = {isa = PBXBuildFile; fileRef = EB2F44C42AC55B580028A5E2 /* Assets.xcassets */; };
		EB2F44C82AC55B580028A5E2 /* Preview Assets.xcassets in Resources */ = {isa = PBXBuildFile; fileRef = EB2F44C72AC55B580028A5E2 /* Preview Assets.xcassets */; };
		EB2F44D22AC55B580028A5E2 /* SwiftUIComponentsTests.swift in Sources */ = {isa = PBXBuildFile; fileRef = EB2F44D12AC55B580028A5E2 /* SwiftUIComponentsTests.swift */; };
		EB2F44DC2AC55B580028A5E2 /* SwiftUIComponentsUITests.swift in Sources */ = {isa = PBXBuildFile; fileRef = EB2F44DB2AC55B580028A5E2 /* SwiftUIComponentsUITests.swift */; };
		EB2F44DE2AC55B580028A5E2 /* SwiftUIComponentsUITestsLaunchTests.swift in Sources */ = {isa = PBXBuildFile; fileRef = EB2F44DD2AC55B580028A5E2 /* SwiftUIComponentsUITestsLaunchTests.swift */; };
		EB2F44EB2AC55BA40028A5E2 /* ProgressBarsView.swift in Sources */ = {isa = PBXBuildFile; fileRef = EB2F44EA2AC55BA40028A5E2 /* ProgressBarsView.swift */; };
		EB2F44F02AC55C520028A5E2 /* LinearProgressBar.swift in Sources */ = {isa = PBXBuildFile; fileRef = EB2F44EE2AC55C520028A5E2 /* LinearProgressBar.swift */; };
		EB2F44F12AC55C520028A5E2 /* LinearProgressBarViewModel.swift in Sources */ = {isa = PBXBuildFile; fileRef = EB2F44EF2AC55C520028A5E2 /* LinearProgressBarViewModel.swift */; };
		EB2F44F52AC647E50028A5E2 /* CircleProgressBarViewModel.swift in Sources */ = {isa = PBXBuildFile; fileRef = EB2F44F32AC647E50028A5E2 /* CircleProgressBarViewModel.swift */; };
		EB2F44F62AC647E50028A5E2 /* CircleProgressBar.swift in Sources */ = {isa = PBXBuildFile; fileRef = EB2F44F42AC647E50028A5E2 /* CircleProgressBar.swift */; };
		EBF11EC82AC7DBB200F07159 /* SegmentProgressBarViewModel.swift in Sources */ = {isa = PBXBuildFile; fileRef = EBF11EC62AC7DBB200F07159 /* SegmentProgressBarViewModel.swift */; };
		EBF11EC92AC7DBB200F07159 /* SegmentProgressBar.swift in Sources */ = {isa = PBXBuildFile; fileRef = EBF11EC72AC7DBB200F07159 /* SegmentProgressBar.swift */; };
		EBF11ECB2AC8F23600F07159 /* ProgressBarsViewModel.swift in Sources */ = {isa = PBXBuildFile; fileRef = EBF11ECA2AC8F23600F07159 /* ProgressBarsViewModel.swift */; };
/* End PBXBuildFile section */

/* Begin PBXContainerItemProxy section */
		EB2F44CE2AC55B580028A5E2 /* PBXContainerItemProxy */ = {
			isa = PBXContainerItemProxy;
			containerPortal = EB2F44B52AC55B540028A5E2 /* Project object */;
			proxyType = 1;
			remoteGlobalIDString = EB2F44BC2AC55B540028A5E2;
			remoteInfo = SwiftUIComponents;
		};
		EB2F44D82AC55B580028A5E2 /* PBXContainerItemProxy */ = {
			isa = PBXContainerItemProxy;
			containerPortal = EB2F44B52AC55B540028A5E2 /* Project object */;
			proxyType = 1;
			remoteGlobalIDString = EB2F44BC2AC55B540028A5E2;
			remoteInfo = SwiftUIComponents;
		};
/* End PBXContainerItemProxy section */

/* Begin PBXFileReference section */
		EB2F44BD2AC55B540028A5E2 /* SwiftUIComponents.app */ = {isa = PBXFileReference; explicitFileType = wrapper.application; includeInIndex = 0; path = SwiftUIComponents.app; sourceTree = BUILT_PRODUCTS_DIR; };
		EB2F44C02AC55B550028A5E2 /* SwiftUIComponentsApp.swift */ = {isa = PBXFileReference; lastKnownFileType = sourcecode.swift; path = SwiftUIComponentsApp.swift; sourceTree = "<group>"; };
		EB2F44C22AC55B550028A5E2 /* ContentView.swift */ = {isa = PBXFileReference; lastKnownFileType = sourcecode.swift; path = ContentView.swift; sourceTree = "<group>"; };
		EB2F44C42AC55B580028A5E2 /* Assets.xcassets */ = {isa = PBXFileReference; lastKnownFileType = folder.assetcatalog; path = Assets.xcassets; sourceTree = "<group>"; };
		EB2F44C72AC55B580028A5E2 /* Preview Assets.xcassets */ = {isa = PBXFileReference; lastKnownFileType = folder.assetcatalog; path = "Preview Assets.xcassets"; sourceTree = "<group>"; };
		EB2F44CD2AC55B580028A5E2 /* SwiftUIComponentsTests.xctest */ = {isa = PBXFileReference; explicitFileType = wrapper.cfbundle; includeInIndex = 0; path = SwiftUIComponentsTests.xctest; sourceTree = BUILT_PRODUCTS_DIR; };
		EB2F44D12AC55B580028A5E2 /* SwiftUIComponentsTests.swift */ = {isa = PBXFileReference; lastKnownFileType = sourcecode.swift; path = SwiftUIComponentsTests.swift; sourceTree = "<group>"; };
		EB2F44D72AC55B580028A5E2 /* SwiftUIComponentsUITests.xctest */ = {isa = PBXFileReference; explicitFileType = wrapper.cfbundle; includeInIndex = 0; path = SwiftUIComponentsUITests.xctest; sourceTree = BUILT_PRODUCTS_DIR; };
		EB2F44DB2AC55B580028A5E2 /* SwiftUIComponentsUITests.swift */ = {isa = PBXFileReference; lastKnownFileType = sourcecode.swift; path = SwiftUIComponentsUITests.swift; sourceTree = "<group>"; };
		EB2F44DD2AC55B580028A5E2 /* SwiftUIComponentsUITestsLaunchTests.swift */ = {isa = PBXFileReference; lastKnownFileType = sourcecode.swift; path = SwiftUIComponentsUITestsLaunchTests.swift; sourceTree = "<group>"; };
		EB2F44EA2AC55BA40028A5E2 /* ProgressBarsView.swift */ = {isa = PBXFileReference; lastKnownFileType = sourcecode.swift; path = ProgressBarsView.swift; sourceTree = "<group>"; };
		EB2F44EE2AC55C520028A5E2 /* LinearProgressBar.swift */ = {isa = PBXFileReference; fileEncoding = 4; lastKnownFileType = sourcecode.swift; path = LinearProgressBar.swift; sourceTree = "<group>"; };
		EB2F44EF2AC55C520028A5E2 /* LinearProgressBarViewModel.swift */ = {isa = PBXFileReference; fileEncoding = 4; lastKnownFileType = sourcecode.swift; path = LinearProgressBarViewModel.swift; sourceTree = "<group>"; };
		EB2F44F32AC647E50028A5E2 /* CircleProgressBarViewModel.swift */ = {isa = PBXFileReference; fileEncoding = 4; lastKnownFileType = sourcecode.swift; path = CircleProgressBarViewModel.swift; sourceTree = "<group>"; };
		EB2F44F42AC647E50028A5E2 /* CircleProgressBar.swift */ = {isa = PBXFileReference; fileEncoding = 4; lastKnownFileType = sourcecode.swift; path = CircleProgressBar.swift; sourceTree = "<group>"; };
		EBF11EC62AC7DBB200F07159 /* SegmentProgressBarViewModel.swift */ = {isa = PBXFileReference; fileEncoding = 4; lastKnownFileType = sourcecode.swift; path = SegmentProgressBarViewModel.swift; sourceTree = "<group>"; };
		EBF11EC72AC7DBB200F07159 /* SegmentProgressBar.swift */ = {isa = PBXFileReference; fileEncoding = 4; lastKnownFileType = sourcecode.swift; path = SegmentProgressBar.swift; sourceTree = "<group>"; };
		EBF11ECA2AC8F23600F07159 /* ProgressBarsViewModel.swift */ = {isa = PBXFileReference; lastKnownFileType = sourcecode.swift; path = ProgressBarsViewModel.swift; sourceTree = "<group>"; };
/* End PBXFileReference section */

/* Begin PBXFrameworksBuildPhase section */
		EB2F44BA2AC55B540028A5E2 /* Frameworks */ = {
			isa = PBXFrameworksBuildPhase;
			buildActionMask = 2147483647;
			files = (
			);
			runOnlyForDeploymentPostprocessing = 0;
		};
		EB2F44CA2AC55B580028A5E2 /* Frameworks */ = {
			isa = PBXFrameworksBuildPhase;
			buildActionMask = 2147483647;
			files = (
			);
			runOnlyForDeploymentPostprocessing = 0;
		};
		EB2F44D42AC55B580028A5E2 /* Frameworks */ = {
			isa = PBXFrameworksBuildPhase;
			buildActionMask = 2147483647;
			files = (
			);
			runOnlyForDeploymentPostprocessing = 0;
		};
/* End PBXFrameworksBuildPhase section */

/* Begin PBXGroup section */
		EB2F44B42AC55B540028A5E2 = {
			isa = PBXGroup;
			children = (
				EB2F44BF2AC55B550028A5E2 /* SwiftUIComponents */,
				EB2F44D02AC55B580028A5E2 /* SwiftUIComponentsTests */,
				EB2F44DA2AC55B580028A5E2 /* SwiftUIComponentsUITests */,
				EB2F44BE2AC55B540028A5E2 /* Products */,
			);
			sourceTree = "<group>";
		};
		EB2F44BE2AC55B540028A5E2 /* Products */ = {
			isa = PBXGroup;
			children = (
				EB2F44BD2AC55B540028A5E2 /* SwiftUIComponents.app */,
				EB2F44CD2AC55B580028A5E2 /* SwiftUIComponentsTests.xctest */,
				EB2F44D72AC55B580028A5E2 /* SwiftUIComponentsUITests.xctest */,
			);
			name = Products;
			sourceTree = "<group>";
		};
		EB2F44BF2AC55B550028A5E2 /* SwiftUIComponents */ = {
			isa = PBXGroup;
			children = (
				EB2F44EC2AC55C0C0028A5E2 /* ProgressBarViews */,
				EB2F44C02AC55B550028A5E2 /* SwiftUIComponentsApp.swift */,
				EB2F44C22AC55B550028A5E2 /* ContentView.swift */,
				EB2F44C42AC55B580028A5E2 /* Assets.xcassets */,
				EB2F44C62AC55B580028A5E2 /* Preview Content */,
			);
			path = SwiftUIComponents;
			sourceTree = "<group>";
		};
		EB2F44C62AC55B580028A5E2 /* Preview Content */ = {
			isa = PBXGroup;
			children = (
				EB2F44C72AC55B580028A5E2 /* Preview Assets.xcassets */,
			);
			path = "Preview Content";
			sourceTree = "<group>";
		};
		EB2F44D02AC55B580028A5E2 /* SwiftUIComponentsTests */ = {
			isa = PBXGroup;
			children = (
				EB2F44D12AC55B580028A5E2 /* SwiftUIComponentsTests.swift */,
			);
			path = SwiftUIComponentsTests;
			sourceTree = "<group>";
		};
		EB2F44DA2AC55B580028A5E2 /* SwiftUIComponentsUITests */ = {
			isa = PBXGroup;
			children = (
				EB2F44DB2AC55B580028A5E2 /* SwiftUIComponentsUITests.swift */,
				EB2F44DD2AC55B580028A5E2 /* SwiftUIComponentsUITestsLaunchTests.swift */,
			);
			path = SwiftUIComponentsUITests;
			sourceTree = "<group>";
		};
		EB2F44EC2AC55C0C0028A5E2 /* ProgressBarViews */ = {
			isa = PBXGroup;
			children = (
				EBF11EC52AC7DBB200F07159 /* SegmentProgressBar */,
				EB2F44F22AC647E50028A5E2 /* CircleProgressBar */,
				EB2F44ED2AC55C520028A5E2 /* LinearProgressBar */,
				EB2F44EA2AC55BA40028A5E2 /* ProgressBarsView.swift */,
				EBF11ECA2AC8F23600F07159 /* ProgressBarsViewModel.swift */,
			);
			path = ProgressBarViews;
			sourceTree = "<group>";
		};
		EB2F44ED2AC55C520028A5E2 /* LinearProgressBar */ = {
			isa = PBXGroup;
			children = (
				EB2F44EE2AC55C520028A5E2 /* LinearProgressBar.swift */,
				EB2F44EF2AC55C520028A5E2 /* LinearProgressBarViewModel.swift */,
			);
			path = LinearProgressBar;
			sourceTree = "<group>";
		};
		EB2F44F22AC647E50028A5E2 /* CircleProgressBar */ = {
			isa = PBXGroup;
			children = (
				EB2F44F32AC647E50028A5E2 /* CircleProgressBarViewModel.swift */,
				EB2F44F42AC647E50028A5E2 /* CircleProgressBar.swift */,
			);
			path = CircleProgressBar;
			sourceTree = "<group>";
		};
		EBF11EC52AC7DBB200F07159 /* SegmentProgressBar */ = {
			isa = PBXGroup;
			children = (
				EBF11EC62AC7DBB200F07159 /* SegmentProgressBarViewModel.swift */,
				EBF11EC72AC7DBB200F07159 /* SegmentProgressBar.swift */,
			);
			path = SegmentProgressBar;
			sourceTree = "<group>";
		};
/* End PBXGroup section */

/* Begin PBXNativeTarget section */
		EB2F44BC2AC55B540028A5E2 /* SwiftUIComponents */ = {
			isa = PBXNativeTarget;
			buildConfigurationList = EB2F44E12AC55B580028A5E2 /* Build configuration list for PBXNativeTarget "SwiftUIComponents" */;
			buildPhases = (
				EB2F44B92AC55B540028A5E2 /* Sources */,
				EB2F44BA2AC55B540028A5E2 /* Frameworks */,
				EB2F44BB2AC55B540028A5E2 /* Resources */,
			);
			buildRules = (
			);
			dependencies = (
			);
			name = SwiftUIComponents;
			productName = SwiftUIComponents;
			productReference = EB2F44BD2AC55B540028A5E2 /* SwiftUIComponents.app */;
			productType = "com.apple.product-type.application";
		};
		EB2F44CC2AC55B580028A5E2 /* SwiftUIComponentsTests */ = {
			isa = PBXNativeTarget;
			buildConfigurationList = EB2F44E42AC55B580028A5E2 /* Build configuration list for PBXNativeTarget "SwiftUIComponentsTests" */;
			buildPhases = (
				EB2F44C92AC55B580028A5E2 /* Sources */,
				EB2F44CA2AC55B580028A5E2 /* Frameworks */,
				EB2F44CB2AC55B580028A5E2 /* Resources */,
			);
			buildRules = (
			);
			dependencies = (
				EB2F44CF2AC55B580028A5E2 /* PBXTargetDependency */,
			);
			name = SwiftUIComponentsTests;
			productName = SwiftUIComponentsTests;
			productReference = EB2F44CD2AC55B580028A5E2 /* SwiftUIComponentsTests.xctest */;
			productType = "com.apple.product-type.bundle.unit-test";
		};
		EB2F44D62AC55B580028A5E2 /* SwiftUIComponentsUITests */ = {
			isa = PBXNativeTarget;
			buildConfigurationList = EB2F44E72AC55B580028A5E2 /* Build configuration list for PBXNativeTarget "SwiftUIComponentsUITests" */;
			buildPhases = (
				EB2F44D32AC55B580028A5E2 /* Sources */,
				EB2F44D42AC55B580028A5E2 /* Frameworks */,
				EB2F44D52AC55B580028A5E2 /* Resources */,
			);
			buildRules = (
			);
			dependencies = (
				EB2F44D92AC55B580028A5E2 /* PBXTargetDependency */,
			);
			name = SwiftUIComponentsUITests;
			productName = SwiftUIComponentsUITests;
			productReference = EB2F44D72AC55B580028A5E2 /* SwiftUIComponentsUITests.xctest */;
			productType = "com.apple.product-type.bundle.ui-testing";
		};
/* End PBXNativeTarget section */

/* Begin PBXProject section */
		EB2F44B52AC55B540028A5E2 /* Project object */ = {
			isa = PBXProject;
			attributes = {
				BuildIndependentTargetsInParallel = 1;
				LastSwiftUpdateCheck = 1500;
				LastUpgradeCheck = 1500;
				TargetAttributes = {
					EB2F44BC2AC55B540028A5E2 = {
						CreatedOnToolsVersion = 15.0;
					};
					EB2F44CC2AC55B580028A5E2 = {
						CreatedOnToolsVersion = 15.0;
						TestTargetID = EB2F44BC2AC55B540028A5E2;
					};
					EB2F44D62AC55B580028A5E2 = {
						CreatedOnToolsVersion = 15.0;
						TestTargetID = EB2F44BC2AC55B540028A5E2;
					};
				};
			};
			buildConfigurationList = EB2F44B82AC55B540028A5E2 /* Build configuration list for PBXProject "SwiftUIComponents" */;
			compatibilityVersion = "Xcode 14.0";
			developmentRegion = en;
			hasScannedForEncodings = 0;
			knownRegions = (
				en,
				Base,
			);
			mainGroup = EB2F44B42AC55B540028A5E2;
			productRefGroup = EB2F44BE2AC55B540028A5E2 /* Products */;
			projectDirPath = "";
			projectRoot = "";
			targets = (
				EB2F44BC2AC55B540028A5E2 /* SwiftUIComponents */,
				EB2F44CC2AC55B580028A5E2 /* SwiftUIComponentsTests */,
				EB2F44D62AC55B580028A5E2 /* SwiftUIComponentsUITests */,
			);
		};
/* End PBXProject section */

/* Begin PBXResourcesBuildPhase section */
		EB2F44BB2AC55B540028A5E2 /* Resources */ = {
			isa = PBXResourcesBuildPhase;
			buildActionMask = 2147483647;
			files = (
				EB2F44C82AC55B580028A5E2 /* Preview Assets.xcassets in Resources */,
				EB2F44C52AC55B580028A5E2 /* Assets.xcassets in Resources */,
			);
			runOnlyForDeploymentPostprocessing = 0;
		};
		EB2F44CB2AC55B580028A5E2 /* Resources */ = {
			isa = PBXResourcesBuildPhase;
			buildActionMask = 2147483647;
			files = (
			);
			runOnlyForDeploymentPostprocessing = 0;
		};
		EB2F44D52AC55B580028A5E2 /* Resources */ = {
			isa = PBXResourcesBuildPhase;
			buildActionMask = 2147483647;
			files = (
			);
			runOnlyForDeploymentPostprocessing = 0;
		};
/* End PBXResourcesBuildPhase section */

/* Begin PBXSourcesBuildPhase section */
		EB2F44B92AC55B540028A5E2 /* Sources */ = {
			isa = PBXSourcesBuildPhase;
			buildActionMask = 2147483647;
			files = (
				EB2F44EB2AC55BA40028A5E2 /* ProgressBarsView.swift in Sources */,
				EB2F44C32AC55B550028A5E2 /* ContentView.swift in Sources */,
				EB2F44F62AC647E50028A5E2 /* CircleProgressBar.swift in Sources */,
				EB2F44C12AC55B550028A5E2 /* SwiftUIComponentsApp.swift in Sources */,
				EB2F44F02AC55C520028A5E2 /* LinearProgressBar.swift in Sources */,
				EB2F44F52AC647E50028A5E2 /* CircleProgressBarViewModel.swift in Sources */,
				EB2F44F12AC55C520028A5E2 /* LinearProgressBarViewModel.swift in Sources */,
				EBF11ECB2AC8F23600F07159 /* ProgressBarsViewModel.swift in Sources */,
				EBF11EC82AC7DBB200F07159 /* SegmentProgressBarViewModel.swift in Sources */,
				EBF11EC92AC7DBB200F07159 /* SegmentProgressBar.swift in Sources */,
			);
			runOnlyForDeploymentPostprocessing = 0;
		};
		EB2F44C92AC55B580028A5E2 /* Sources */ = {
			isa = PBXSourcesBuildPhase;
			buildActionMask = 2147483647;
			files = (
				EB2F44D22AC55B580028A5E2 /* SwiftUIComponentsTests.swift in Sources */,
			);
			runOnlyForDeploymentPostprocessing = 0;
		};
		EB2F44D32AC55B580028A5E2 /* Sources */ = {
			isa = PBXSourcesBuildPhase;
			buildActionMask = 2147483647;
			files = (
				EB2F44DE2AC55B580028A5E2 /* SwiftUIComponentsUITestsLaunchTests.swift in Sources */,
				EB2F44DC2AC55B580028A5E2 /* SwiftUIComponentsUITests.swift in Sources */,
			);
			runOnlyForDeploymentPostprocessing = 0;
		};
/* End PBXSourcesBuildPhase section */

/* Begin PBXTargetDependency section */
		EB2F44CF2AC55B580028A5E2 /* PBXTargetDependency */ = {
			isa = PBXTargetDependency;
			target = EB2F44BC2AC55B540028A5E2 /* SwiftUIComponents */;
			targetProxy = EB2F44CE2AC55B580028A5E2 /* PBXContainerItemProxy */;
		};
		EB2F44D92AC55B580028A5E2 /* PBXTargetDependency */ = {
			isa = PBXTargetDependency;
			target = EB2F44BC2AC55B540028A5E2 /* SwiftUIComponents */;
			targetProxy = EB2F44D82AC55B580028A5E2 /* PBXContainerItemProxy */;
		};
/* End PBXTargetDependency section */

/* Begin XCBuildConfiguration section */
		EB2F44DF2AC55B580028A5E2 /* Debug */ = {
			isa = XCBuildConfiguration;
			buildSettings = {
				ALWAYS_SEARCH_USER_PATHS = NO;
				ASSETCATALOG_COMPILER_GENERATE_SWIFT_ASSET_SYMBOL_EXTENSIONS = YES;
				CLANG_ANALYZER_NONNULL = YES;
				CLANG_ANALYZER_NUMBER_OBJECT_CONVERSION = YES_AGGRESSIVE;
				CLANG_CXX_LANGUAGE_STANDARD = "gnu++20";
				CLANG_ENABLE_MODULES = YES;
				CLANG_ENABLE_OBJC_ARC = YES;
				CLANG_ENABLE_OBJC_WEAK = YES;
				CLANG_WARN_BLOCK_CAPTURE_AUTORELEASING = YES;
				CLANG_WARN_BOOL_CONVERSION = YES;
				CLANG_WARN_COMMA = YES;
				CLANG_WARN_CONSTANT_CONVERSION = YES;
				CLANG_WARN_DEPRECATED_OBJC_IMPLEMENTATIONS = YES;
				CLANG_WARN_DIRECT_OBJC_ISA_USAGE = YES_ERROR;
				CLANG_WARN_DOCUMENTATION_COMMENTS = YES;
				CLANG_WARN_EMPTY_BODY = YES;
				CLANG_WARN_ENUM_CONVERSION = YES;
				CLANG_WARN_INFINITE_RECURSION = YES;
				CLANG_WARN_INT_CONVERSION = YES;
				CLANG_WARN_NON_LITERAL_NULL_CONVERSION = YES;
				CLANG_WARN_OBJC_IMPLICIT_RETAIN_SELF = YES;
				CLANG_WARN_OBJC_LITERAL_CONVERSION = YES;
				CLANG_WARN_OBJC_ROOT_CLASS = YES_ERROR;
				CLANG_WARN_QUOTED_INCLUDE_IN_FRAMEWORK_HEADER = YES;
				CLANG_WARN_RANGE_LOOP_ANALYSIS = YES;
				CLANG_WARN_STRICT_PROTOTYPES = YES;
				CLANG_WARN_SUSPICIOUS_MOVE = YES;
				CLANG_WARN_UNGUARDED_AVAILABILITY = YES_AGGRESSIVE;
				CLANG_WARN_UNREACHABLE_CODE = YES;
				CLANG_WARN__DUPLICATE_METHOD_MATCH = YES;
				COPY_PHASE_STRIP = NO;
				DEBUG_INFORMATION_FORMAT = dwarf;
				ENABLE_STRICT_OBJC_MSGSEND = YES;
				ENABLE_TESTABILITY = YES;
				ENABLE_USER_SCRIPT_SANDBOXING = YES;
				GCC_C_LANGUAGE_STANDARD = gnu17;
				GCC_DYNAMIC_NO_PIC = NO;
				GCC_NO_COMMON_BLOCKS = YES;
				GCC_OPTIMIZATION_LEVEL = 0;
				GCC_PREPROCESSOR_DEFINITIONS = (
					"DEBUG=1",
					"$(inherited)",
				);
				GCC_WARN_64_TO_32_BIT_CONVERSION = YES;
				GCC_WARN_ABOUT_RETURN_TYPE = YES_ERROR;
				GCC_WARN_UNDECLARED_SELECTOR = YES;
				GCC_WARN_UNINITIALIZED_AUTOS = YES_AGGRESSIVE;
				GCC_WARN_UNUSED_FUNCTION = YES;
				GCC_WARN_UNUSED_VARIABLE = YES;
				IPHONEOS_DEPLOYMENT_TARGET = 17.0;
				LOCALIZATION_PREFERS_STRING_CATALOGS = YES;
				MTL_ENABLE_DEBUG_INFO = INCLUDE_SOURCE;
				MTL_FAST_MATH = YES;
				ONLY_ACTIVE_ARCH = YES;
				SDKROOT = iphoneos;
				SWIFT_ACTIVE_COMPILATION_CONDITIONS = "DEBUG $(inherited)";
				SWIFT_OPTIMIZATION_LEVEL = "-Onone";
			};
			name = Debug;
		};
		EB2F44E02AC55B580028A5E2 /* Release */ = {
			isa = XCBuildConfiguration;
			buildSettings = {
				ALWAYS_SEARCH_USER_PATHS = NO;
				ASSETCATALOG_COMPILER_GENERATE_SWIFT_ASSET_SYMBOL_EXTENSIONS = YES;
				CLANG_ANALYZER_NONNULL = YES;
				CLANG_ANALYZER_NUMBER_OBJECT_CONVERSION = YES_AGGRESSIVE;
				CLANG_CXX_LANGUAGE_STANDARD = "gnu++20";
				CLANG_ENABLE_MODULES = YES;
				CLANG_ENABLE_OBJC_ARC = YES;
				CLANG_ENABLE_OBJC_WEAK = YES;
				CLANG_WARN_BLOCK_CAPTURE_AUTORELEASING = YES;
				CLANG_WARN_BOOL_CONVERSION = YES;
				CLANG_WARN_COMMA = YES;
				CLANG_WARN_CONSTANT_CONVERSION = YES;
				CLANG_WARN_DEPRECATED_OBJC_IMPLEMENTATIONS = YES;
				CLANG_WARN_DIRECT_OBJC_ISA_USAGE = YES_ERROR;
				CLANG_WARN_DOCUMENTATION_COMMENTS = YES;
				CLANG_WARN_EMPTY_BODY = YES;
				CLANG_WARN_ENUM_CONVERSION = YES;
				CLANG_WARN_INFINITE_RECURSION = YES;
				CLANG_WARN_INT_CONVERSION = YES;
				CLANG_WARN_NON_LITERAL_NULL_CONVERSION = YES;
				CLANG_WARN_OBJC_IMPLICIT_RETAIN_SELF = YES;
				CLANG_WARN_OBJC_LITERAL_CONVERSION = YES;
				CLANG_WARN_OBJC_ROOT_CLASS = YES_ERROR;
				CLANG_WARN_QUOTED_INCLUDE_IN_FRAMEWORK_HEADER = YES;
				CLANG_WARN_RANGE_LOOP_ANALYSIS = YES;
				CLANG_WARN_STRICT_PROTOTYPES = YES;
				CLANG_WARN_SUSPICIOUS_MOVE = YES;
				CLANG_WARN_UNGUARDED_AVAILABILITY = YES_AGGRESSIVE;
				CLANG_WARN_UNREACHABLE_CODE = YES;
				CLANG_WARN__DUPLICATE_METHOD_MATCH = YES;
				COPY_PHASE_STRIP = NO;
				DEBUG_INFORMATION_FORMAT = "dwarf-with-dsym";
				ENABLE_NS_ASSERTIONS = NO;
				ENABLE_STRICT_OBJC_MSGSEND = YES;
				ENABLE_USER_SCRIPT_SANDBOXING = YES;
				GCC_C_LANGUAGE_STANDARD = gnu17;
				GCC_NO_COMMON_BLOCKS = YES;
				GCC_WARN_64_TO_32_BIT_CONVERSION = YES;
				GCC_WARN_ABOUT_RETURN_TYPE = YES_ERROR;
				GCC_WARN_UNDECLARED_SELECTOR = YES;
				GCC_WARN_UNINITIALIZED_AUTOS = YES_AGGRESSIVE;
				GCC_WARN_UNUSED_FUNCTION = YES;
				GCC_WARN_UNUSED_VARIABLE = YES;
				IPHONEOS_DEPLOYMENT_TARGET = 17.0;
				LOCALIZATION_PREFERS_STRING_CATALOGS = YES;
				MTL_ENABLE_DEBUG_INFO = NO;
				MTL_FAST_MATH = YES;
				SDKROOT = iphoneos;
				SWIFT_COMPILATION_MODE = wholemodule;
				VALIDATE_PRODUCT = YES;
			};
			name = Release;
		};
		EB2F44E22AC55B580028A5E2 /* Debug */ = {
			isa = XCBuildConfiguration;
			buildSettings = {
				ASSETCATALOG_COMPILER_APPICON_NAME = AppIcon;
				ASSETCATALOG_COMPILER_GLOBAL_ACCENT_COLOR_NAME = AccentColor;
				CODE_SIGN_STYLE = Automatic;
				CURRENT_PROJECT_VERSION = 1;
				DEVELOPMENT_ASSET_PATHS = "\"SwiftUIComponents/Preview Content\"";
				DEVELOPMENT_TEAM = CHGQBDZ4BK;
				ENABLE_PREVIEWS = YES;
				GENERATE_INFOPLIST_FILE = YES;
				INFOPLIST_KEY_UIApplicationSceneManifest_Generation = YES;
				INFOPLIST_KEY_UIApplicationSupportsIndirectInputEvents = YES;
				INFOPLIST_KEY_UILaunchScreen_Generation = YES;
				INFOPLIST_KEY_UISupportedInterfaceOrientations_iPad = "UIInterfaceOrientationPortrait UIInterfaceOrientationPortraitUpsideDown UIInterfaceOrientationLandscapeLeft UIInterfaceOrientationLandscapeRight";
				INFOPLIST_KEY_UISupportedInterfaceOrientations_iPhone = "UIInterfaceOrientationPortrait UIInterfaceOrientationLandscapeLeft UIInterfaceOrientationLandscapeRight";
				LD_RUNPATH_SEARCH_PATHS = (
					"$(inherited)",
					"@executable_path/Frameworks",
				);
				MARKETING_VERSION = 1.0;
				PRODUCT_BUNDLE_IDENTIFIER = hardeep.SwiftUIComponents;
				PRODUCT_NAME = "$(TARGET_NAME)";
				SWIFT_EMIT_LOC_STRINGS = YES;
				SWIFT_VERSION = 5.0;
				TARGETED_DEVICE_FAMILY = "1,2";
			};
			name = Debug;
		};
		EB2F44E32AC55B580028A5E2 /* Release */ = {
			isa = XCBuildConfiguration;
			buildSettings = {
				ASSETCATALOG_COMPILER_APPICON_NAME = AppIcon;
				ASSETCATALOG_COMPILER_GLOBAL_ACCENT_COLOR_NAME = AccentColor;
				CODE_SIGN_STYLE = Automatic;
				CURRENT_PROJECT_VERSION = 1;
				DEVELOPMENT_ASSET_PATHS = "\"SwiftUIComponents/Preview Content\"";
				DEVELOPMENT_TEAM = CHGQBDZ4BK;
				ENABLE_PREVIEWS = YES;
				GENERATE_INFOPLIST_FILE = YES;
				INFOPLIST_KEY_UIApplicationSceneManifest_Generation = YES;
				INFOPLIST_KEY_UIApplicationSupportsIndirectInputEvents = YES;
				INFOPLIST_KEY_UILaunchScreen_Generation = YES;
				INFOPLIST_KEY_UISupportedInterfaceOrientations_iPad = "UIInterfaceOrientationPortrait UIInterfaceOrientationPortraitUpsideDown UIInterfaceOrientationLandscapeLeft UIInterfaceOrientationLandscapeRight";
				INFOPLIST_KEY_UISupportedInterfaceOrientations_iPhone = "UIInterfaceOrientationPortrait UIInterfaceOrientationLandscapeLeft UIInterfaceOrientationLandscapeRight";
				LD_RUNPATH_SEARCH_PATHS = (
					"$(inherited)",
					"@executable_path/Frameworks",
				);
				MARKETING_VERSION = 1.0;
				PRODUCT_BUNDLE_IDENTIFIER = hardeep.SwiftUIComponents;
				PRODUCT_NAME = "$(TARGET_NAME)";
				SWIFT_EMIT_LOC_STRINGS = YES;
				SWIFT_VERSION = 5.0;
				TARGETED_DEVICE_FAMILY = "1,2";
			};
			name = Release;
		};
		EB2F44E52AC55B580028A5E2 /* Debug */ = {
			isa = XCBuildConfiguration;
			buildSettings = {
				ALWAYS_EMBED_SWIFT_STANDARD_LIBRARIES = YES;
				BUNDLE_LOADER = "$(TEST_HOST)";
				CODE_SIGN_STYLE = Automatic;
				CURRENT_PROJECT_VERSION = 1;
				DEVELOPMENT_TEAM = CHGQBDZ4BK;
				GENERATE_INFOPLIST_FILE = YES;
				IPHONEOS_DEPLOYMENT_TARGET = 17.0;
				MARKETING_VERSION = 1.0;
				PRODUCT_BUNDLE_IDENTIFIER = hardeep.SwiftUIComponentsTests;
				PRODUCT_NAME = "$(TARGET_NAME)";
				SWIFT_EMIT_LOC_STRINGS = NO;
				SWIFT_VERSION = 5.0;
				TARGETED_DEVICE_FAMILY = "1,2";
				TEST_HOST = "$(BUILT_PRODUCTS_DIR)/SwiftUIComponents.app/$(BUNDLE_EXECUTABLE_FOLDER_PATH)/SwiftUIComponents";
			};
			name = Debug;
		};
		EB2F44E62AC55B580028A5E2 /* Release */ = {
			isa = XCBuildConfiguration;
			buildSettings = {
				ALWAYS_EMBED_SWIFT_STANDARD_LIBRARIES = YES;
				BUNDLE_LOADER = "$(TEST_HOST)";
				CODE_SIGN_STYLE = Automatic;
				CURRENT_PROJECT_VERSION = 1;
				DEVELOPMENT_TEAM = CHGQBDZ4BK;
				GENERATE_INFOPLIST_FILE = YES;
				IPHONEOS_DEPLOYMENT_TARGET = 17.0;
				MARKETING_VERSION = 1.0;
				PRODUCT_BUNDLE_IDENTIFIER = hardeep.SwiftUIComponentsTests;
				PRODUCT_NAME = "$(TARGET_NAME)";
				SWIFT_EMIT_LOC_STRINGS = NO;
				SWIFT_VERSION = 5.0;
				TARGETED_DEVICE_FAMILY = "1,2";
				TEST_HOST = "$(BUILT_PRODUCTS_DIR)/SwiftUIComponents.app/$(BUNDLE_EXECUTABLE_FOLDER_PATH)/SwiftUIComponents";
			};
			name = Release;
		};
		EB2F44E82AC55B580028A5E2 /* Debug */ = {
			isa = XCBuildConfiguration;
			buildSettings = {
				ALWAYS_EMBED_SWIFT_STANDARD_LIBRARIES = YES;
				CODE_SIGN_STYLE = Automatic;
				CURRENT_PROJECT_VERSION = 1;
				DEVELOPMENT_TEAM = CHGQBDZ4BK;
				GENERATE_INFOPLIST_FILE = YES;
				MARKETING_VERSION = 1.0;
				PRODUCT_BUNDLE_IDENTIFIER = hardeep.SwiftUIComponentsUITests;
				PRODUCT_NAME = "$(TARGET_NAME)";
				SWIFT_EMIT_LOC_STRINGS = NO;
				SWIFT_VERSION = 5.0;
				TARGETED_DEVICE_FAMILY = "1,2";
				TEST_TARGET_NAME = SwiftUIComponents;
			};
			name = Debug;
		};
		EB2F44E92AC55B580028A5E2 /* Release */ = {
			isa = XCBuildConfiguration;
			buildSettings = {
				ALWAYS_EMBED_SWIFT_STANDARD_LIBRARIES = YES;
				CODE_SIGN_STYLE = Automatic;
				CURRENT_PROJECT_VERSION = 1;
				DEVELOPMENT_TEAM = CHGQBDZ4BK;
				GENERATE_INFOPLIST_FILE = YES;
				MARKETING_VERSION = 1.0;
				PRODUCT_BUNDLE_IDENTIFIER = hardeep.SwiftUIComponentsUITests;
				PRODUCT_NAME = "$(TARGET_NAME)";
				SWIFT_EMIT_LOC_STRINGS = NO;
				SWIFT_VERSION = 5.0;
				TARGETED_DEVICE_FAMILY = "1,2";
				TEST_TARGET_NAME = SwiftUIComponents;
			};
			name = Release;
		};
/* End XCBuildConfiguration section */

/* Begin XCConfigurationList section */
		EB2F44B82AC55B540028A5E2 /* Build configuration list for PBXProject "SwiftUIComponents" */ = {
			isa = XCConfigurationList;
			buildConfigurations = (
				EB2F44DF2AC55B580028A5E2 /* Debug */,
				EB2F44E02AC55B580028A5E2 /* Release */,
			);
			defaultConfigurationIsVisible = 0;
			defaultConfigurationName = Release;
		};
		EB2F44E12AC55B580028A5E2 /* Build configuration list for PBXNativeTarget "SwiftUIComponents" */ = {
			isa = XCConfigurationList;
			buildConfigurations = (
				EB2F44E22AC55B580028A5E2 /* Debug */,
				EB2F44E32AC55B580028A5E2 /* Release */,
			);
			defaultConfigurationIsVisible = 0;
			defaultConfigurationName = Release;
		};
		EB2F44E42AC55B580028A5E2 /* Build configuration list for PBXNativeTarget "SwiftUIComponentsTests" */ = {
			isa = XCConfigurationList;
			buildConfigurations = (
				EB2F44E52AC55B580028A5E2 /* Debug */,
				EB2F44E62AC55B580028A5E2 /* Release */,
			);
			defaultConfigurationIsVisible = 0;
			defaultConfigurationName = Release;
		};
		EB2F44E72AC55B580028A5E2 /* Build configuration list for PBXNativeTarget "SwiftUIComponentsUITests" */ = {
			isa = XCConfigurationList;
			buildConfigurations = (
				EB2F44E82AC55B580028A5E2 /* Debug */,
				EB2F44E92AC55B580028A5E2 /* Release */,
			);
			defaultConfigurationIsVisible = 0;
			defaultConfigurationName = Release;
		};
/* End XCConfigurationList section */
	};
	rootObject = EB2F44B52AC55B540028A5E2 /* Project object */;
}
